
Microsoft Visual Studio Solution File, Format Version 12.00
Project("{F2A71F9B-5D33-465A-A702-920D77279786}") = "Find", "Find\Find.fsproj", "{350C743A-B5E0-4CEA-917B-369ACF68E3F6}"
EndProject
Global
	GlobalSection(SolutionConfigurationPlatforms) = preSolution
		Debug|Any CPU = Debug|Any CPU
		Release|Any CPU = Release|Any CPU
	EndGlobalSection
	GlobalSection(ProjectConfigurationPlatforms) = postSolution
		{350C743A-B5E0-4CEA-917B-369ACF68E3F6}.Debug|Any CPU.ActiveCfg = Debug|Any CPU
		{350C743A-B5E0-4CEA-917B-369ACF68E3F6}.Debug|Any CPU.Build.0 = Debug|Any CPU
		{350C743A-B5E0-4CEA-917B-369ACF68E3F6}.Release|Any CPU.ActiveCfg = Release|Any CPU
		{350C743A-B5E0-4CEA-917B-369ACF68E3F6}.Release|Any CPU.Build.0 = Release|Any CPU
	EndGlobalSection
EndGlobal
